PODS:
  - Alamofire (4.8.2)
  - DPVideoMerger-Swift (1.0.0)
  - Kingfisher (5.7.0)
  - LFLiveKit (2.6)
  - Realm (3.17.1):
    - Realm/Headers (= 3.17.1)
  - Realm/Headers (3.17.1)
  - RealmSwift (3.17.1):
    - Realm (= 3.17.1)
  - SwiftVideoGenerator (1.2.7)

DEPENDENCIES:
  - Alamofire
  - DPVideoMerger-Swift
  - Kingfisher
  - LFLiveKit
  - RealmSwift
  - SwiftVideoGenerator

SPEC REPOS:
  https://github.com/cocoapods/specs.git:
    - Alamofire
    - DPVideoMerger-Swift
    - Kingfisher
    - LFLiveKit
    - Realm
    - RealmSwift
    - SwiftVideoGenerator

SPEC CHECKSUMS:
  Alamofire: ae5c501addb7afdbb13687d7f2f722c78734c2d3
  DPVideoMerger-Swift: bf626d07b0c869170cd78fe2eb7362e528206eed
  Kingfisher: c7d211b54f1f30d8060aadab177d52b4349c825b
  LFLiveKit: 2219563721f8aa0f188effc3395a06e2d53b23f2
  Realm: c204f1a890f07dea43b14132a6aad118c054b8f2
  RealmSwift: 4d3c9233544b9cd08a8913e0872b9038eb99b054
  SwiftVideoGenerator: 8d1cec02e9c5d48aa5828b5e57873e84eb79d003

<<<<<<< HEAD
PODFILE CHECKSUM: ccdc7b35ac22342ff2d8f0ac7457ef147bc758ad
=======
<<<<<<< HEAD
PODFILE CHECKSUM: 548728cf209c1a493b81a3e576811063f8d2237a

COCOAPODS: 1.6.2
=======
PODFILE CHECKSUM: b0cd1d7a5c41842b018f1ed1c8c2599ac85a16d8
>>>>>>> 58de7abe72a3d95fd956b925be6cb4cb97f71363

COCOAPODS: 1.7.3
>>>>>>> 107b9ceb2783119d68b79efd659f9e6d4614de7e
